
Microsoft Visual Studio Solution File, Format Version 12.00
# Visual Studio Version 17
VisualStudioVersion = 17.14.36429.23
MinimumVisualStudioVersion = 10.0.40219.1
Project("{FAE04EC0-301F-11D3-BF4B-00C04F79EFBC}") = "IoTMonitoring", "src\IoTMonitoring.csproj", "{B4012B68-C043-3655-E7EA-3951C0297691}"
EndProject
Project("{2150E333-8FDC-42A3-9474-1A3956D46DE8}") = "Beckend", "Beckend", "{02EA681E-C7D8-13C7-8484-4AC65E1B71E8}"
EndProject
Project("{2150E333-8FDC-42A3-9474-1A3956D46DE8}") = "Frontend", "Frontend", "{85F3C03A-59A5-4CBA-85AF-17EFCD42CFD5}"
EndProject
Project("{2150E333-8FDC-42A3-9474-1A3956D46DE8}") = "Mock", "Mock", "{D150AF0C-1AC3-49A8-AD9C-552337C9883E}"
EndProject
Project("{FAE04EC0-301F-11D3-BF4B-00C04F79EFBC}") = "DeviceMock", "DeviceMock\DeviceMock.csproj", "{9DB61279-5F56-460A-A843-87748BDF5311}"
EndProject
Project("{2150E333-8FDC-42A3-9474-1A3956D46DE8}") = "Presentation", "Presentation", "{CDC81208-170F-4BA8-B2F9-1169FB7A7800}"
EndProject
Project("{2150E333-8FDC-42A3-9474-1A3956D46DE8}") = "Infrastructur", "Infrastructur", "{EBC87015-021D-467E-B26A-2A40895CC684}"
EndProject
Project("{2150E333-8FDC-42A3-9474-1A3956D46DE8}") = "Domain", "Domain", "{C127D7B5-AA9A-460C-B1D5-D6030CECC3AE}"
EndProject
Project("{2150E333-8FDC-42A3-9474-1A3956D46DE8}") = "Application", "Application", "{A46FEB50-30FE-4BDB-B583-715DECA08B7B}"
EndProject
Project("{54A90642-561A-4BB1-A94E-469ADEE60C69}") = "IoTMoniteriing.Ui", "IoTMoniteriing.Ui\IoTMoniteriing.Ui.esproj", "{7AA3823A-12DA-FC77-7CB9-D193B4854B6D}"
EndProject
Global
	GlobalSection(SolutionConfigurationPlatforms) = preSolution
		Debug|Any CPU = Debug|Any CPU
		Release|Any CPU = Release|Any CPU
	EndGlobalSection
	GlobalSection(ProjectConfigurationPlatforms) = postSolution
		{B4012B68-C043-3655-E7EA-3951C0297691}.Debug|Any CPU.ActiveCfg = Debug|Any CPU
		{B4012B68-C043-3655-E7EA-3951C0297691}.Debug|Any CPU.Build.0 = Debug|Any CPU
		{B4012B68-C043-3655-E7EA-3951C0297691}.Release|Any CPU.ActiveCfg = Release|Any CPU
		{B4012B68-C043-3655-E7EA-3951C0297691}.Release|Any CPU.Build.0 = Release|Any CPU
		{9DB61279-5F56-460A-A843-87748BDF5311}.Debug|Any CPU.ActiveCfg = Debug|Any CPU
		{9DB61279-5F56-460A-A843-87748BDF5311}.Debug|Any CPU.Build.0 = Debug|Any CPU
		{9DB61279-5F56-460A-A843-87748BDF5311}.Release|Any CPU.ActiveCfg = Release|Any CPU
		{9DB61279-5F56-460A-A843-87748BDF5311}.Release|Any CPU.Build.0 = Release|Any CPU
		{7AA3823A-12DA-FC77-7CB9-D193B4854B6D}.Debug|Any CPU.ActiveCfg = Debug|Any CPU
		{7AA3823A-12DA-FC77-7CB9-D193B4854B6D}.Debug|Any CPU.Build.0 = Debug|Any CPU
		{7AA3823A-12DA-FC77-7CB9-D193B4854B6D}.Debug|Any CPU.Deploy.0 = Debug|Any CPU
		{7AA3823A-12DA-FC77-7CB9-D193B4854B6D}.Release|Any CPU.ActiveCfg = Release|Any CPU
		{7AA3823A-12DA-FC77-7CB9-D193B4854B6D}.Release|Any CPU.Build.0 = Release|Any CPU
		{7AA3823A-12DA-FC77-7CB9-D193B4854B6D}.Release|Any CPU.Deploy.0 = Release|Any CPU
	EndGlobalSection
	GlobalSection(SolutionProperties) = preSolution
		HideSolutionNode = FALSE
	EndGlobalSection
	GlobalSection(NestedProjects) = preSolution
		{B4012B68-C043-3655-E7EA-3951C0297691} = {CDC81208-170F-4BA8-B2F9-1169FB7A7800}
		{9DB61279-5F56-460A-A843-87748BDF5311} = {D150AF0C-1AC3-49A8-AD9C-552337C9883E}
		{CDC81208-170F-4BA8-B2F9-1169FB7A7800} = {02EA681E-C7D8-13C7-8484-4AC65E1B71E8}
		{EBC87015-021D-467E-B26A-2A40895CC684} = {02EA681E-C7D8-13C7-8484-4AC65E1B71E8}
		{C127D7B5-AA9A-460C-B1D5-D6030CECC3AE} = {02EA681E-C7D8-13C7-8484-4AC65E1B71E8}
		{A46FEB50-30FE-4BDB-B583-715DECA08B7B} = {02EA681E-C7D8-13C7-8484-4AC65E1B71E8}
		{7AA3823A-12DA-FC77-7CB9-D193B4854B6D} = {85F3C03A-59A5-4CBA-85AF-17EFCD42CFD5}
	EndGlobalSection
	GlobalSection(ExtensibilityGlobals) = postSolution
		SolutionGuid = {8B3090D0-CC42-482F-829E-DEA0F97BD341}
	EndGlobalSection
EndGlobal
